
Microsoft Visual Studio Solution File, Format Version 12.00
# Visual Studio Version 16
VisualStudioVersion = 16.0.29318.209
MinimumVisualStudioVersion = 10.0.40219.1
Project("{9A19103F-16F7-4668-BE54-9A1E7A4F7556}") = "TSPSolver", "TSPSolver.csproj", "{DF6F202B-49A7-4BB5-90ED-FCE94D55BEBA}"
EndProject
Global
	GlobalSection(SolutionConfigurationPlatforms) = preSolution
		Debug|Any CPU = Debug|Any CPU
		Release|Any CPU = Release|Any CPU
	EndGlobalSection
	GlobalSection(ProjectConfigurationPlatforms) = postSolution
		{DF6F202B-49A7-4BB5-90ED-FCE94D55BEBA}.Debug|Any CPU.ActiveCfg = Debug|Any CPU
		{DF6F202B-49A7-4BB5-90ED-FCE94D55BEBA}.Debug|Any CPU.Build.0 = Debug|Any CPU
		{DF6F202B-49A7-4BB5-90ED-FCE94D55BEBA}.Release|Any CPU.ActiveCfg = Release|Any CPU
		{DF6F202B-49A7-4BB5-90ED-FCE94D55BEBA}.Release|Any CPU.Build.0 = Release|Any CPU
	EndGlobalSection
	GlobalSection(SolutionProperties) = preSolution
		HideSolutionNode = FALSE
	EndGlobalSection
	GlobalSection(ExtensibilityGlobals) = postSolution
		SolutionGuid = {0F61D136-7C05-4DD2-973D-2D0A3D907B4B}
	EndGlobalSection
EndGlobal
